{
  "name": "mu-se-labs-08-abadmar-modernjs",
  "version": "1.0.0",
  "lockfileVersion": 1,
  "requires": true,
  "dependencies": {
    "esm": {
      "version": "3.2.25",
      "resolved": "https://artifactory.manulife.ca/artifactory/api/npm/mfc-dig-npm/esm/-/esm-3.2.25.tgz",
      "integrity": "sha1-NCwYwp1WFXaIulzjH4Qx+7eVzBA="
    },
    "node-fetch": {
      "version": "2.6.5",
      "resolved": "https://artifactory.manulife.ca/artifactory/api/npm/mfc-dig-npm/node-fetch/-/node-fetch-2.6.5.tgz",
      "integrity": "sha1-QnNVN9fwgKfl94tsVJtxRr4XQv0=",
      "requires": {
        "whatwg-url": "^5.0.0"
      }
    },
    "tr46": {
      "version": "0.0.3",
      "resolved": "https://artifactory.manulife.ca/artifactory/api/npm/mfc-dig-npm/tr46/-/tr46-0.0.3.tgz",
      "integrity": "sha1-gYT9NH2snNwYWZLzpmIuFLnZq2o="
    },
    "webidl-conversions": {
      "version": "3.0.1",
      "resolved": "https://artifactory.manulife.ca/artifactory/api/npm/mfc-dig-npm/webidl-conversions/-/webidl-conversions-3.0.1.tgz",
      "integrity": "sha1-JFNCdeKnvGvnvIZhHMFq4KVlSHE="
    },
    "whatwg-url": {
      "version": "5.0.0",
      "resolved": "https://artifactory.manulife.ca/artifactory/api/npm/mfc-dig-npm/whatwg-url/-/whatwg-url-5.0.0.tgz",
      "integrity": "sha1-lmRU6HZUYuN2RNNib2dCzotwll0=",
      "requires": {
        "tr46": "~0.0.3",
        "webidl-conversions": "^3.0.0"
      }
    }
  }
}
